// !$*UTF8*$!
{
	archiveVersion = 1;
	classes = {
	};
	objectVersion = 56;
	objects = {

/* Begin PBXBuildFile section */
		E5A99EA82BB8973000B7071C /* Apple_FrameworksApp.swift in Sources */ = {isa = PBXBuildFile; fileRef = E5A99EA72BB8973000B7071C /* Apple_FrameworksApp.swift */; };
		E5A99EAC2BB8973100B7071C /* Assets.xcassets in Resources */ = {isa = PBXBuildFile; fileRef = E5A99EAB2BB8973100B7071C /* Assets.xcassets */; };
		E5A99EAF2BB8973100B7071C /* Preview Assets.xcassets in Resources */ = {isa = PBXBuildFile; fileRef = E5A99EAE2BB8973100B7071C /* Preview Assets.xcassets */; };
		E5A99EB92BB8973100B7071C /* Apple_FrameworksTests.swift in Sources */ = {isa = PBXBuildFile; fileRef = E5A99EB82BB8973100B7071C /* Apple_FrameworksTests.swift */; };
		E5A99EC32BB8973100B7071C /* Apple_FrameworksUITests.swift in Sources */ = {isa = PBXBuildFile; fileRef = E5A99EC22BB8973100B7071C /* Apple_FrameworksUITests.swift */; };
		E5A99EC52BB8973100B7071C /* Apple_FrameworksUITestsLaunchTests.swift in Sources */ = {isa = PBXBuildFile; fileRef = E5A99EC42BB8973100B7071C /* Apple_FrameworksUITestsLaunchTests.swift */; };
		E5A99ED32BB8975700B7071C /* FrameWork.swift in Sources */ = {isa = PBXBuildFile; fileRef = E5A99ED22BB8975700B7071C /* FrameWork.swift */; };
		E5A99ED52BB89A6000B7071C /* ContentView.swift in Sources */ = {isa = PBXBuildFile; fileRef = E5A99ED42BB89A6000B7071C /* ContentView.swift */; };
		E5A99ED72BB8AF6500B7071C /* FrameworkDetails.swift in Sources */ = {isa = PBXBuildFile; fileRef = E5A99ED62BB8AF6500B7071C /* FrameworkDetails.swift */; };
		E5A99ED92BBA026C00B7071C /* ContentView.swift in Sources */ = {isa = PBXBuildFile; fileRef = E5A99ED42BB89A6000B7071C /* ContentView.swift */; };
		E5FE11A82BBA0521003BD1C6 /* AFButton.swift in Sources */ = {isa = PBXBuildFile; fileRef = E5FE11A72BBA0521003BD1C6 /* AFButton.swift */; };
		E5FE11A92BBA0C83003BD1C6 /* ContentView.swift in Sources */ = {isa = PBXBuildFile; fileRef = E5A99ED42BB89A6000B7071C /* ContentView.swift */; };
		E5FE11AC2BBA1128003BD1C6 /* FrameworkGridViewModel.swift in Sources */ = {isa = PBXBuildFile; fileRef = E5FE11AB2BBA1128003BD1C6 /* FrameworkGridViewModel.swift */; };
		E5FE11AF2BBA1D07003BD1C6 /* SafariView.swift in Sources */ = {isa = PBXBuildFile; fileRef = E5FE11AE2BBA1D07003BD1C6 /* SafariView.swift */; };
		E5FE11B12BBB43DC003BD1C6 /* FrameworkTitleView.swift in Sources */ = {isa = PBXBuildFile; fileRef = E5FE11B02BBB43DC003BD1C6 /* FrameworkTitleView.swift */; };
		E5FE11B32BBB4492003BD1C6 /* XDismissButton.swift in Sources */ = {isa = PBXBuildFile; fileRef = E5FE11B22BBB4492003BD1C6 /* XDismissButton.swift */; };
		E5FE11B52BBB466D003BD1C6 /* FrameworkDetails.swift in Sources */ = {isa = PBXBuildFile; fileRef = E5A99ED62BB8AF6500B7071C /* FrameworkDetails.swift */; };
		E5FE11B62BBB466D003BD1C6 /* FrameworkDetails.swift in Sources */ = {isa = PBXBuildFile; fileRef = E5A99ED62BB8AF6500B7071C /* FrameworkDetails.swift */; };
/* End PBXBuildFile section */

/* Begin PBXContainerItemProxy section */
		E5A99EB52BB8973100B7071C /* PBXContainerItemProxy */ = {
			isa = PBXContainerItemProxy;
			containerPortal = E5A99E9C2BB8973000B7071C /* Project object */;
			proxyType = 1;
			remoteGlobalIDString = E5A99EA32BB8973000B7071C;
			remoteInfo = "Apple-Frameworks";
		};
		E5A99EBF2BB8973100B7071C /* PBXContainerItemProxy */ = {
			isa = PBXContainerItemProxy;
			containerPortal = E5A99E9C2BB8973000B7071C /* Project object */;
			proxyType = 1;
			remoteGlobalIDString = E5A99EA32BB8973000B7071C;
			remoteInfo = "Apple-Frameworks";
		};
/* End PBXContainerItemProxy section */

/* Begin PBXFileReference section */
		E5A99EA42BB8973000B7071C /* Apple-Frameworks.app */ = {isa = PBXFileReference; explicitFileType = wrapper.application; includeInIndex = 0; path = "Apple-Frameworks.app"; sourceTree = BUILT_PRODUCTS_DIR; };
		E5A99EA72BB8973000B7071C /* Apple_FrameworksApp.swift */ = {isa = PBXFileReference; lastKnownFileType = sourcecode.swift; path = Apple_FrameworksApp.swift; sourceTree = "<group>"; };
		E5A99EAB2BB8973100B7071C /* Assets.xcassets */ = {isa = PBXFileReference; lastKnownFileType = folder.assetcatalog; path = Assets.xcassets; sourceTree = "<group>"; };
		E5A99EAE2BB8973100B7071C /* Preview Assets.xcassets */ = {isa = PBXFileReference; lastKnownFileType = folder.assetcatalog; path = "Preview Assets.xcassets"; sourceTree = "<group>"; };
		E5A99EB42BB8973100B7071C /* Apple-FrameworksTests.xctest */ = {isa = PBXFileReference; explicitFileType = wrapper.cfbundle; includeInIndex = 0; path = "Apple-FrameworksTests.xctest"; sourceTree = BUILT_PRODUCTS_DIR; };
		E5A99EB82BB8973100B7071C /* Apple_FrameworksTests.swift */ = {isa = PBXFileReference; lastKnownFileType = sourcecode.swift; path = Apple_FrameworksTests.swift; sourceTree = "<group>"; };
		E5A99EBE2BB8973100B7071C /* Apple-FrameworksUITests.xctest */ = {isa = PBXFileReference; explicitFileType = wrapper.cfbundle; includeInIndex = 0; path = "Apple-FrameworksUITests.xctest"; sourceTree = BUILT_PRODUCTS_DIR; };
		E5A99EC22BB8973100B7071C /* Apple_FrameworksUITests.swift */ = {isa = PBXFileReference; lastKnownFileType = sourcecode.swift; path = Apple_FrameworksUITests.swift; sourceTree = "<group>"; };
		E5A99EC42BB8973100B7071C /* Apple_FrameworksUITestsLaunchTests.swift */ = {isa = PBXFileReference; lastKnownFileType = sourcecode.swift; path = Apple_FrameworksUITestsLaunchTests.swift; sourceTree = "<group>"; };
		E5A99ED22BB8975700B7071C /* FrameWork.swift */ = {isa = PBXFileReference; lastKnownFileType = sourcecode.swift; path = FrameWork.swift; sourceTree = "<group>"; };
		E5A99ED42BB89A6000B7071C /* ContentView.swift */ = {isa = PBXFileReference; lastKnownFileType = sourcecode.swift; path = ContentView.swift; sourceTree = "<group>"; };
		E5A99ED62BB8AF6500B7071C /* FrameworkDetails.swift */ = {isa = PBXFileReference; lastKnownFileType = sourcecode.swift; path = FrameworkDetails.swift; sourceTree = "<group>"; };
		E5FE11A72BBA0521003BD1C6 /* AFButton.swift */ = {isa = PBXFileReference; lastKnownFileType = sourcecode.swift; path = AFButton.swift; sourceTree = "<group>"; };
		E5FE11AB2BBA1128003BD1C6 /* FrameworkGridViewModel.swift */ = {isa = PBXFileReference; lastKnownFileType = sourcecode.swift; path = FrameworkGridViewModel.swift; sourceTree = "<group>"; };
		E5FE11AE2BBA1D07003BD1C6 /* SafariView.swift */ = {isa = PBXFileReference; lastKnownFileType = sourcecode.swift; path = SafariView.swift; sourceTree = "<group>"; };
		E5FE11B02BBB43DC003BD1C6 /* FrameworkTitleView.swift */ = {isa = PBXFileReference; lastKnownFileType = sourcecode.swift; path = FrameworkTitleView.swift; sourceTree = "<group>"; };
		E5FE11B22BBB4492003BD1C6 /* XDismissButton.swift */ = {isa = PBXFileReference; lastKnownFileType = sourcecode.swift; path = XDismissButton.swift; sourceTree = "<group>"; };
/* End PBXFileReference section */

/* Begin PBXFrameworksBuildPhase section */
		E5A99EA12BB8973000B7071C /* Frameworks */ = {
			isa = PBXFrameworksBuildPhase;
			buildActionMask = 2147483647;
			files = (
			);
			runOnlyForDeploymentPostprocessing = 0;
		};
		E5A99EB12BB8973100B7071C /* Frameworks */ = {
			isa = PBXFrameworksBuildPhase;
			buildActionMask = 2147483647;
			files = (
			);
			runOnlyForDeploymentPostprocessing = 0;
		};
		E5A99EBB2BB8973100B7071C /* Frameworks */ = {
			isa = PBXFrameworksBuildPhase;
			buildActionMask = 2147483647;
			files = (
			);
			runOnlyForDeploymentPostprocessing = 0;
		};
/* End PBXFrameworksBuildPhase section */

/* Begin PBXGroup section */
		E5A99E9B2BB8973000B7071C = {
			isa = PBXGroup;
			children = (
				E5A99EA62BB8973000B7071C /* Apple-Frameworks */,
				E5A99EB72BB8973100B7071C /* Apple-FrameworksTests */,
				E5A99EC12BB8973100B7071C /* Apple-FrameworksUITests */,
				E5A99EA52BB8973000B7071C /* Products */,
			);
			sourceTree = "<group>";
		};
		E5A99EA52BB8973000B7071C /* Products */ = {
			isa = PBXGroup;
			children = (
				E5A99EA42BB8973000B7071C /* Apple-Frameworks.app */,
				E5A99EB42BB8973100B7071C /* Apple-FrameworksTests.xctest */,
				E5A99EBE2BB8973100B7071C /* Apple-FrameworksUITests.xctest */,
			);
			name = Products;
			sourceTree = "<group>";
		};
		E5A99EA62BB8973000B7071C /* Apple-Frameworks */ = {
			isa = PBXGroup;
			children = (
				E5FE11B92BBB475B003BD1C6 /* UiKitComponents */,
				E5FE11B42BBB465E003BD1C6 /* Screens */,
				E5FE11AD2BBA1CF8003BD1C6 /* views */,
				E5FE11AA2BBA10BE003BD1C6 /* viewModel */,
				E5A99ED12BB8974000B7071C /* Models */,
				E5A99EA72BB8973000B7071C /* Apple_FrameworksApp.swift */,
				E5A99EAB2BB8973100B7071C /* Assets.xcassets */,
				E5A99EAD2BB8973100B7071C /* Preview Content */,
			);
			path = "Apple-Frameworks";
			sourceTree = "<group>";
		};
		E5A99EAD2BB8973100B7071C /* Preview Content */ = {
			isa = PBXGroup;
			children = (
				E5A99EAE2BB8973100B7071C /* Preview Assets.xcassets */,
			);
			path = "Preview Content";
			sourceTree = "<group>";
		};
		E5A99EB72BB8973100B7071C /* Apple-FrameworksTests */ = {
			isa = PBXGroup;
			children = (
				E5A99EB82BB8973100B7071C /* Apple_FrameworksTests.swift */,
			);
			path = "Apple-FrameworksTests";
			sourceTree = "<group>";
		};
		E5A99EC12BB8973100B7071C /* Apple-FrameworksUITests */ = {
			isa = PBXGroup;
			children = (
				E5A99EC22BB8973100B7071C /* Apple_FrameworksUITests.swift */,
				E5A99EC42BB8973100B7071C /* Apple_FrameworksUITestsLaunchTests.swift */,
			);
			path = "Apple-FrameworksUITests";
			sourceTree = "<group>";
		};
		E5A99ED12BB8974000B7071C /* Models */ = {
			isa = PBXGroup;
			children = (
				E5A99ED22BB8975700B7071C /* FrameWork.swift */,
			);
			path = Models;
			sourceTree = "<group>";
		};
		E5FE11AA2BBA10BE003BD1C6 /* viewModel */ = {
			isa = PBXGroup;
			children = (
				E5FE11AB2BBA1128003BD1C6 /* FrameworkGridViewModel.swift */,
			);
			path = viewModel;
			sourceTree = "<group>";
		};
		E5FE11AD2BBA1CF8003BD1C6 /* views */ = {
			isa = PBXGroup;
			children = (
				E5FE11A72BBA0521003BD1C6 /* AFButton.swift */,
				E5FE11B02BBB43DC003BD1C6 /* FrameworkTitleView.swift */,
				E5FE11B22BBB4492003BD1C6 /* XDismissButton.swift */,
			);
			path = views;
			sourceTree = "<group>";
		};
		E5FE11B42BBB465E003BD1C6 /* Screens */ = {
			isa = PBXGroup;
			children = (
				E5FE11B82BBB46E0003BD1C6 /* FrameworkGridScreen */,
				E5FE11B72BBB46C4003BD1C6 /* FrameworkDetailsScreen */,
			);
			path = Screens;
			sourceTree = "<group>";
		};
		E5FE11B72BBB46C4003BD1C6 /* FrameworkDetailsScreen */ = {
			isa = PBXGroup;
			children = (
				E5A99ED62BB8AF6500B7071C /* FrameworkDetails.swift */,
			);
			path = FrameworkDetailsScreen;
			sourceTree = "<group>";
		};
		E5FE11B82BBB46E0003BD1C6 /* FrameworkGridScreen */ = {
			isa = PBXGroup;
			children = (
				E5A99ED42BB89A6000B7071C /* ContentView.swift */,
			);
			path = FrameworkGridScreen;
			sourceTree = "<group>";
		};
		E5FE11B92BBB475B003BD1C6 /* UiKitComponents */ = {
			isa = PBXGroup;
			children = (
				E5FE11AE2BBA1D07003BD1C6 /* SafariView.swift */,
			);
			path = UiKitComponents;
			sourceTree = "<group>";
		};
/* End PBXGroup section */

/* Begin PBXNativeTarget section */
		E5A99EA32BB8973000B7071C /* Apple-Frameworks */ = {
			isa = PBXNativeTarget;
			buildConfigurationList = E5A99EC82BB8973100B7071C /* Build configuration list for PBXNativeTarget "Apple-Frameworks" */;
			buildPhases = (
				E5A99EA02BB8973000B7071C /* Sources */,
				E5A99EA12BB8973000B7071C /* Frameworks */,
				E5A99EA22BB8973000B7071C /* Resources */,
			);
			buildRules = (
			);
			dependencies = (
			);
			name = "Apple-Frameworks";
			productName = "Apple-Frameworks";
			productReference = E5A99EA42BB8973000B7071C /* Apple-Frameworks.app */;
			productType = "com.apple.product-type.application";
		};
		E5A99EB32BB8973100B7071C /* Apple-FrameworksTests */ = {
			isa = PBXNativeTarget;
			buildConfigurationList = E5A99ECB2BB8973100B7071C /* Build configuration list for PBXNativeTarget "Apple-FrameworksTests" */;
			buildPhases = (
				E5A99EB02BB8973100B7071C /* Sources */,
				E5A99EB12BB8973100B7071C /* Frameworks */,
				E5A99EB22BB8973100B7071C /* Resources */,
			);
			buildRules = (
			);
			dependencies = (
				E5A99EB62BB8973100B7071C /* PBXTargetDependency */,
			);
			name = "Apple-FrameworksTests";
			productName = "Apple-FrameworksTests";
			productReference = E5A99EB42BB8973100B7071C /* Apple-FrameworksTests.xctest */;
			productType = "com.apple.product-type.bundle.unit-test";
		};
		E5A99EBD2BB8973100B7071C /* Apple-FrameworksUITests */ = {
			isa = PBXNativeTarget;
			buildConfigurationList = E5A99ECE2BB8973100B7071C /* Build configuration list for PBXNativeTarget "Apple-FrameworksUITests" */;
			buildPhases = (
				E5A99EBA2BB8973100B7071C /* Sources */,
				E5A99EBB2BB8973100B7071C /* Frameworks */,
				E5A99EBC2BB8973100B7071C /* Resources */,
			);
			buildRules = (
			);
			dependencies = (
				E5A99EC02BB8973100B7071C /* PBXTargetDependency */,
			);
			name = "Apple-FrameworksUITests";
			productName = "Apple-FrameworksUITests";
			productReference = E5A99EBE2BB8973100B7071C /* Apple-FrameworksUITests.xctest */;
			productType = "com.apple.product-type.bundle.ui-testing";
		};
/* End PBXNativeTarget section */

/* Begin PBXProject section */
		E5A99E9C2BB8973000B7071C /* Project object */ = {
			isa = PBXProject;
			attributes = {
				BuildIndependentTargetsInParallel = 1;
				LastSwiftUpdateCheck = 1420;
				LastUpgradeCheck = 1420;
				TargetAttributes = {
					E5A99EA32BB8973000B7071C = {
						CreatedOnToolsVersion = 14.2;
					};
					E5A99EB32BB8973100B7071C = {
						CreatedOnToolsVersion = 14.2;
						TestTargetID = E5A99EA32BB8973000B7071C;
					};
					E5A99EBD2BB8973100B7071C = {
						CreatedOnToolsVersion = 14.2;
						TestTargetID = E5A99EA32BB8973000B7071C;
					};
				};
			};
			buildConfigurationList = E5A99E9F2BB8973000B7071C /* Build configuration list for PBXProject "Apple-Frameworks" */;
			compatibilityVersion = "Xcode 14.0";
			developmentRegion = en;
			hasScannedForEncodings = 0;
			knownRegions = (
				en,
				Base,
			);
			mainGroup = E5A99E9B2BB8973000B7071C;
			productRefGroup = E5A99EA52BB8973000B7071C /* Products */;
			projectDirPath = "";
			projectRoot = "";
			targets = (
				E5A99EA32BB8973000B7071C /* Apple-Frameworks */,
				E5A99EB32BB8973100B7071C /* Apple-FrameworksTests */,
				E5A99EBD2BB8973100B7071C /* Apple-FrameworksUITests */,
			);
		};
/* End PBXProject section */

/* Begin PBXResourcesBuildPhase section */
		E5A99EA22BB8973000B7071C /* Resources */ = {
			isa = PBXResourcesBuildPhase;
			buildActionMask = 2147483647;
			files = (
				E5A99EAF2BB8973100B7071C /* Preview Assets.xcassets in Resources */,
				E5A99EAC2BB8973100B7071C /* Assets.xcassets in Resources */,
			);
			runOnlyForDeploymentPostprocessing = 0;
		};
		E5A99EB22BB8973100B7071C /* Resources */ = {
			isa = PBXResourcesBuildPhase;
			buildActionMask = 2147483647;
			files = (
			);
			runOnlyForDeploymentPostprocessing = 0;
		};
		E5A99EBC2BB8973100B7071C /* Resources */ = {
			isa = PBXResourcesBuildPhase;
			buildActionMask = 2147483647;
			files = (
			);
			runOnlyForDeploymentPostprocessing = 0;
		};
/* End PBXResourcesBuildPhase section */

/* Begin PBXSourcesBuildPhase section */
		E5A99EA02BB8973000B7071C /* Sources */ = {
			isa = PBXSourcesBuildPhase;
			buildActionMask = 2147483647;
			files = (
				E5A99ED52BB89A6000B7071C /* ContentView.swift in Sources */,
				E5A99ED72BB8AF6500B7071C /* FrameworkDetails.swift in Sources */,
				E5FE11B32BBB4492003BD1C6 /* XDismissButton.swift in Sources */,
				E5A99ED32BB8975700B7071C /* FrameWork.swift in Sources */,
				E5FE11A82BBA0521003BD1C6 /* AFButton.swift in Sources */,
				E5A99EA82BB8973000B7071C /* Apple_FrameworksApp.swift in Sources */,
				E5FE11AC2BBA1128003BD1C6 /* FrameworkGridViewModel.swift in Sources */,
				E5FE11B12BBB43DC003BD1C6 /* FrameworkTitleView.swift in Sources */,
				E5FE11AF2BBA1D07003BD1C6 /* SafariView.swift in Sources */,
			);
			runOnlyForDeploymentPostprocessing = 0;
		};
		E5A99EB02BB8973100B7071C /* Sources */ = {
			isa = PBXSourcesBuildPhase;
			buildActionMask = 2147483647;
			files = (
				E5FE11A92BBA0C83003BD1C6 /* ContentView.swift in Sources */,
				E5FE11B62BBB466D003BD1C6 /* FrameworkDetails.swift in Sources */,
				E5A99EB92BB8973100B7071C /* Apple_FrameworksTests.swift in Sources */,
			);
			runOnlyForDeploymentPostprocessing = 0;
		};
		E5A99EBA2BB8973100B7071C /* Sources */ = {
			isa = PBXSourcesBuildPhase;
			buildActionMask = 2147483647;
			files = (
				E5A99EC52BB8973100B7071C /* Apple_FrameworksUITestsLaunchTests.swift in Sources */,
				E5FE11B52BBB466D003BD1C6 /* FrameworkDetails.swift in Sources */,
				E5A99EC32BB8973100B7071C /* Apple_FrameworksUITests.swift in Sources */,
				E5A99ED92BBA026C00B7071C /* ContentView.swift in Sources */,
			);
			runOnlyForDeploymentPostprocessing = 0;
		};
/* End PBXSourcesBuildPhase section */

/* Begin PBXTargetDependency section */
		E5A99EB62BB8973100B7071C /* PBXTargetDependency */ = {
			isa = PBXTargetDependency;
			target = E5A99EA32BB8973000B7071C /* Apple-Frameworks */;
			targetProxy = E5A99EB52BB8973100B7071C /* PBXContainerItemProxy */;
		};
		E5A99EC02BB8973100B7071C /* PBXTargetDependency */ = {
			isa = PBXTargetDependency;
			target = E5A99EA32BB8973000B7071C /* Apple-Frameworks */;
			targetProxy = E5A99EBF2BB8973100B7071C /* PBXContainerItemProxy */;
		};
/* End PBXTargetDependency section */

/* Begin XCBuildConfiguration section */
		E5A99EC62BB8973100B7071C /* Debug */ = {
			isa = XCBuildConfiguration;
			buildSettings = {
				ALWAYS_SEARCH_USER_PATHS = NO;
				CLANG_ANALYZER_NONNULL = YES;
				CLANG_ANALYZER_NUMBER_OBJECT_CONVERSION = YES_AGGRESSIVE;
				CLANG_CXX_LANGUAGE_STANDARD = "gnu++20";
				CLANG_ENABLE_MODULES = YES;
				CLANG_ENABLE_OBJC_ARC = YES;
				CLANG_ENABLE_OBJC_WEAK = YES;
				CLANG_WARN_BLOCK_CAPTURE_AUTORELEASING = YES;
				CLANG_WARN_BOOL_CONVERSION = YES;
				CLANG_WARN_COMMA = YES;
				CLANG_WARN_CONSTANT_CONVERSION = YES;
				CLANG_WARN_DEPRECATED_OBJC_IMPLEMENTATIONS = YES;
				CLANG_WARN_DIRECT_OBJC_ISA_USAGE = YES_ERROR;
				CLANG_WARN_DOCUMENTATION_COMMENTS = YES;
				CLANG_WARN_EMPTY_BODY = YES;
				CLANG_WARN_ENUM_CONVERSION = YES;
				CLANG_WARN_INFINITE_RECURSION = YES;
				CLANG_WARN_INT_CONVERSION = YES;
				CLANG_WARN_NON_LITERAL_NULL_CONVERSION = YES;
				CLANG_WARN_OBJC_IMPLICIT_RETAIN_SELF = YES;
				CLANG_WARN_OBJC_LITERAL_CONVERSION = YES;
				CLANG_WARN_OBJC_ROOT_CLASS = YES_ERROR;
				CLANG_WARN_QUOTED_INCLUDE_IN_FRAMEWORK_HEADER = YES;
				CLANG_WARN_RANGE_LOOP_ANALYSIS = YES;
				CLANG_WARN_STRICT_PROTOTYPES = YES;
				CLANG_WARN_SUSPICIOUS_MOVE = YES;
				CLANG_WARN_UNGUARDED_AVAILABILITY = YES_AGGRESSIVE;
				CLANG_WARN_UNREACHABLE_CODE = YES;
				CLANG_WARN__DUPLICATE_METHOD_MATCH = YES;
				COPY_PHASE_STRIP = NO;
				DEBUG_INFORMATION_FORMAT = dwarf;
				ENABLE_STRICT_OBJC_MSGSEND = YES;
				ENABLE_TESTABILITY = YES;
				GCC_C_LANGUAGE_STANDARD = gnu11;
				GCC_DYNAMIC_NO_PIC = NO;
				GCC_NO_COMMON_BLOCKS = YES;
				GCC_OPTIMIZATION_LEVEL = 0;
				GCC_PREPROCESSOR_DEFINITIONS = (
					"DEBUG=1",
					"$(inherited)",
				);
				GCC_WARN_64_TO_32_BIT_CONVERSION = YES;
				GCC_WARN_ABOUT_RETURN_TYPE = YES_ERROR;
				GCC_WARN_UNDECLARED_SELECTOR = YES;
				GCC_WARN_UNINITIALIZED_AUTOS = YES_AGGRESSIVE;
				GCC_WARN_UNUSED_FUNCTION = YES;
				GCC_WARN_UNUSED_VARIABLE = YES;
				IPHONEOS_DEPLOYMENT_TARGET = 16.2;
				MTL_ENABLE_DEBUG_INFO = INCLUDE_SOURCE;
				MTL_FAST_MATH = YES;
				ONLY_ACTIVE_ARCH = YES;
				SDKROOT = iphoneos;
				SWIFT_ACTIVE_COMPILATION_CONDITIONS = DEBUG;
				SWIFT_OPTIMIZATION_LEVEL = "-Onone";
			};
			name = Debug;
		};
		E5A99EC72BB8973100B7071C /* Release */ = {
			isa = XCBuildConfiguration;
			buildSettings = {
				ALWAYS_SEARCH_USER_PATHS = NO;
				CLANG_ANALYZER_NONNULL = YES;
				CLANG_ANALYZER_NUMBER_OBJECT_CONVERSION = YES_AGGRESSIVE;
				CLANG_CXX_LANGUAGE_STANDARD = "gnu++20";
				CLANG_ENABLE_MODULES = YES;
				CLANG_ENABLE_OBJC_ARC = YES;
				CLANG_ENABLE_OBJC_WEAK = YES;
				CLANG_WARN_BLOCK_CAPTURE_AUTORELEASING = YES;
				CLANG_WARN_BOOL_CONVERSION = YES;
				CLANG_WARN_COMMA = YES;
				CLANG_WARN_CONSTANT_CONVERSION = YES;
				CLANG_WARN_DEPRECATED_OBJC_IMPLEMENTATIONS = YES;
				CLANG_WARN_DIRECT_OBJC_ISA_USAGE = YES_ERROR;
				CLANG_WARN_DOCUMENTATION_COMMENTS = YES;
				CLANG_WARN_EMPTY_BODY = YES;
				CLANG_WARN_ENUM_CONVERSION = YES;
				CLANG_WARN_INFINITE_RECURSION = YES;
				CLANG_WARN_INT_CONVERSION = YES;
				CLANG_WARN_NON_LITERAL_NULL_CONVERSION = YES;
				CLANG_WARN_OBJC_IMPLICIT_RETAIN_SELF = YES;
				CLANG_WARN_OBJC_LITERAL_CONVERSION = YES;
				CLANG_WARN_OBJC_ROOT_CLASS = YES_ERROR;
				CLANG_WARN_QUOTED_INCLUDE_IN_FRAMEWORK_HEADER = YES;
				CLANG_WARN_RANGE_LOOP_ANALYSIS = YES;
				CLANG_WARN_STRICT_PROTOTYPES = YES;
				CLANG_WARN_SUSPICIOUS_MOVE = YES;
				CLANG_WARN_UNGUARDED_AVAILABILITY = YES_AGGRESSIVE;
				CLANG_WARN_UNREACHABLE_CODE = YES;
				CLANG_WARN__DUPLICATE_METHOD_MATCH = YES;
				COPY_PHASE_STRIP = NO;
				DEBUG_INFORMATION_FORMAT = "dwarf-with-dsym";
				ENABLE_NS_ASSERTIONS = NO;
				ENABLE_STRICT_OBJC_MSGSEND = YES;
				GCC_C_LANGUAGE_STANDARD = gnu11;
				GCC_NO_COMMON_BLOCKS = YES;
				GCC_WARN_64_TO_32_BIT_CONVERSION = YES;
				GCC_WARN_ABOUT_RETURN_TYPE = YES_ERROR;
				GCC_WARN_UNDECLARED_SELECTOR = YES;
				GCC_WARN_UNINITIALIZED_AUTOS = YES_AGGRESSIVE;
				GCC_WARN_UNUSED_FUNCTION = YES;
				GCC_WARN_UNUSED_VARIABLE = YES;
				IPHONEOS_DEPLOYMENT_TARGET = 16.2;
				MTL_ENABLE_DEBUG_INFO = NO;
				MTL_FAST_MATH = YES;
				SDKROOT = iphoneos;
				SWIFT_COMPILATION_MODE = wholemodule;
				SWIFT_OPTIMIZATION_LEVEL = "-O";
				VALIDATE_PRODUCT = YES;
			};
			name = Release;
		};
		E5A99EC92BB8973100B7071C /* Debug */ = {
			isa = XCBuildConfiguration;
			buildSettings = {
				ASSETCATALOG_COMPILER_APPICON_NAME = AppIcon;
				ASSETCATALOG_COMPILER_GLOBAL_ACCENT_COLOR_NAME = AccentColor;
				CODE_SIGN_STYLE = Automatic;
				CURRENT_PROJECT_VERSION = 1;
				DEVELOPMENT_ASSET_PATHS = "\"Apple-Frameworks/Preview Content\"";
				DEVELOPMENT_TEAM = 2Z52GNFP87;
				ENABLE_PREVIEWS = YES;
				GENERATE_INFOPLIST_FILE = YES;
				INFOPLIST_KEY_UIApplicationSceneManifest_Generation = YES;
				INFOPLIST_KEY_UIApplicationSupportsIndirectInputEvents = YES;
				INFOPLIST_KEY_UILaunchScreen_Generation = YES;
				INFOPLIST_KEY_UISupportedInterfaceOrientations_iPad = "UIInterfaceOrientationPortrait UIInterfaceOrientationPortraitUpsideDown UIInterfaceOrientationLandscapeLeft UIInterfaceOrientationLandscapeRight";
				INFOPLIST_KEY_UISupportedInterfaceOrientations_iPhone = "UIInterfaceOrientationPortrait UIInterfaceOrientationLandscapeLeft UIInterfaceOrientationLandscapeRight";
				LD_RUNPATH_SEARCH_PATHS = (
					"$(inherited)",
					"@executable_path/Frameworks",
				);
				MARKETING_VERSION = 1.0;
				PRODUCT_BUNDLE_IDENTIFIER = "com.programmatic.learn.Apple-Frameworks";
				PRODUCT_NAME = "$(TARGET_NAME)";
				SWIFT_EMIT_LOC_STRINGS = YES;
				SWIFT_VERSION = 5.0;
				TARGETED_DEVICE_FAMILY = "1,2";
			};
			name = Debug;
		};
		E5A99ECA2BB8973100B7071C /* Release */ = {
			isa = XCBuildConfiguration;
			buildSettings = {
				ASSETCATALOG_COMPILER_APPICON_NAME = AppIcon;
				ASSETCATALOG_COMPILER_GLOBAL_ACCENT_COLOR_NAME = AccentColor;
				CODE_SIGN_STYLE = Automatic;
				CURRENT_PROJECT_VERSION = 1;
				DEVELOPMENT_ASSET_PATHS = "\"Apple-Frameworks/Preview Content\"";
				DEVELOPMENT_TEAM = 2Z52GNFP87;
				ENABLE_PREVIEWS = YES;
				GENERATE_INFOPLIST_FILE = YES;
				INFOPLIST_KEY_UIApplicationSceneManifest_Generation = YES;
				INFOPLIST_KEY_UIApplicationSupportsIndirectInputEvents = YES;
				INFOPLIST_KEY_UILaunchScreen_Generation = YES;
				INFOPLIST_KEY_UISupportedInterfaceOrientations_iPad = "UIInterfaceOrientationPortrait UIInterfaceOrientationPortraitUpsideDown UIInterfaceOrientationLandscapeLeft UIInterfaceOrientationLandscapeRight";
				INFOPLIST_KEY_UISupportedInterfaceOrientations_iPhone = "UIInterfaceOrientationPortrait UIInterfaceOrientationLandscapeLeft UIInterfaceOrientationLandscapeRight";
				LD_RUNPATH_SEARCH_PATHS = (
					"$(inherited)",
					"@executable_path/Frameworks",
				);
				MARKETING_VERSION = 1.0;
				PRODUCT_BUNDLE_IDENTIFIER = "com.programmatic.learn.Apple-Frameworks";
				PRODUCT_NAME = "$(TARGET_NAME)";
				SWIFT_EMIT_LOC_STRINGS = YES;
				SWIFT_VERSION = 5.0;
				TARGETED_DEVICE_FAMILY = "1,2";
			};
			name = Release;
		};
		E5A99ECC2BB8973100B7071C /* Debug */ = {
			isa = XCBuildConfiguration;
			buildSettings = {
				ALWAYS_EMBED_SWIFT_STANDARD_LIBRARIES = YES;
				BUNDLE_LOADER = "$(TEST_HOST)";
				CODE_SIGN_STYLE = Automatic;
				CURRENT_PROJECT_VERSION = 1;
				DEVELOPMENT_TEAM = 2Z52GNFP87;
				GENERATE_INFOPLIST_FILE = YES;
				IPHONEOS_DEPLOYMENT_TARGET = 16.2;
				MARKETING_VERSION = 1.0;
				PRODUCT_BUNDLE_IDENTIFIER = "com.programmatic.learn.Apple-FrameworksTests";
				PRODUCT_NAME = "$(TARGET_NAME)";
				SWIFT_EMIT_LOC_STRINGS = NO;
				SWIFT_VERSION = 5.0;
				TARGETED_DEVICE_FAMILY = "1,2";
				TEST_HOST = "$(BUILT_PRODUCTS_DIR)/Apple-Frameworks.app/$(BUNDLE_EXECUTABLE_FOLDER_PATH)/Apple-Frameworks";
			};
			name = Debug;
		};
		E5A99ECD2BB8973100B7071C /* Release */ = {
			isa = XCBuildConfiguration;
			buildSettings = {
				ALWAYS_EMBED_SWIFT_STANDARD_LIBRARIES = YES;
				BUNDLE_LOADER = "$(TEST_HOST)";
				CODE_SIGN_STYLE = Automatic;
				CURRENT_PROJECT_VERSION = 1;
				DEVELOPMENT_TEAM = 2Z52GNFP87;
				GENERATE_INFOPLIST_FILE = YES;
				IPHONEOS_DEPLOYMENT_TARGET = 16.2;
				MARKETING_VERSION = 1.0;
				PRODUCT_BUNDLE_IDENTIFIER = "com.programmatic.learn.Apple-FrameworksTests";
				PRODUCT_NAME = "$(TARGET_NAME)";
				SWIFT_EMIT_LOC_STRINGS = NO;
				SWIFT_VERSION = 5.0;
				TARGETED_DEVICE_FAMILY = "1,2";
				TEST_HOST = "$(BUILT_PRODUCTS_DIR)/Apple-Frameworks.app/$(BUNDLE_EXECUTABLE_FOLDER_PATH)/Apple-Frameworks";
			};
			name = Release;
		};
		E5A99ECF2BB8973100B7071C /* Debug */ = {
			isa = XCBuildConfiguration;
			buildSettings = {
				ALWAYS_EMBED_SWIFT_STANDARD_LIBRARIES = YES;
				CODE_SIGN_STYLE = Automatic;
				CURRENT_PROJECT_VERSION = 1;
				DEVELOPMENT_TEAM = 2Z52GNFP87;
				GENERATE_INFOPLIST_FILE = YES;
				MARKETING_VERSION = 1.0;
				PRODUCT_BUNDLE_IDENTIFIER = "com.programmatic.learn.Apple-FrameworksUITests";
				PRODUCT_NAME = "$(TARGET_NAME)";
				SWIFT_EMIT_LOC_STRINGS = NO;
				SWIFT_VERSION = 5.0;
				TARGETED_DEVICE_FAMILY = "1,2";
				TEST_TARGET_NAME = "Apple-Frameworks";
			};
			name = Debug;
		};
		E5A99ED02BB8973100B7071C /* Release */ = {
			isa = XCBuildConfiguration;
			buildSettings = {
				ALWAYS_EMBED_SWIFT_STANDARD_LIBRARIES = YES;
				CODE_SIGN_STYLE = Automatic;
				CURRENT_PROJECT_VERSION = 1;
				DEVELOPMENT_TEAM = 2Z52GNFP87;
				GENERATE_INFOPLIST_FILE = YES;
				MARKETING_VERSION = 1.0;
				PRODUCT_BUNDLE_IDENTIFIER = "com.programmatic.learn.Apple-FrameworksUITests";
				PRODUCT_NAME = "$(TARGET_NAME)";
				SWIFT_EMIT_LOC_STRINGS = NO;
				SWIFT_VERSION = 5.0;
				TARGETED_DEVICE_FAMILY = "1,2";
				TEST_TARGET_NAME = "Apple-Frameworks";
			};
			name = Release;
		};
/* End XCBuildConfiguration section */

/* Begin XCConfigurationList section */
		E5A99E9F2BB8973000B7071C /* Build configuration list for PBXProject "Apple-Frameworks" */ = {
			isa = XCConfigurationList;
			buildConfigurations = (
				E5A99EC62BB8973100B7071C /* Debug */,
				E5A99EC72BB8973100B7071C /* Release */,
			);
			defaultConfigurationIsVisible = 0;
			defaultConfigurationName = Release;
		};
		E5A99EC82BB8973100B7071C /* Build configuration list for PBXNativeTarget "Apple-Frameworks" */ = {
			isa = XCConfigurationList;
			buildConfigurations = (
				E5A99EC92BB8973100B7071C /* Debug */,
				E5A99ECA2BB8973100B7071C /* Release */,
			);
			defaultConfigurationIsVisible = 0;
			defaultConfigurationName = Release;
		};
		E5A99ECB2BB8973100B7071C /* Build configuration list for PBXNativeTarget "Apple-FrameworksTests" */ = {
			isa = XCConfigurationList;
			buildConfigurations = (
				E5A99ECC2BB8973100B7071C /* Debug */,
				E5A99ECD2BB8973100B7071C /* Release */,
			);
			defaultConfigurationIsVisible = 0;
			defaultConfigurationName = Release;
		};
		E5A99ECE2BB8973100B7071C /* Build configuration list for PBXNativeTarget "Apple-FrameworksUITests" */ = {
			isa = XCConfigurationList;
			buildConfigurations = (
				E5A99ECF2BB8973100B7071C /* Debug */,
				E5A99ED02BB8973100B7071C /* Release */,
			);
			defaultConfigurationIsVisible = 0;
			defaultConfigurationName = Release;
		};
/* End XCConfigurationList section */
	};
	rootObject = E5A99E9C2BB8973000B7071C /* Project object */;
}
